
Microsoft Visual Studio Solution File, Format Version 12.00
# Visual Studio Version 17
VisualStudioVersion = 17.5.002.0
MinimumVisualStudioVersion = 10.0.40219.1
Project("{9A19103F-16F7-4668-BE54-9A1E7A4F7556}") = "EnviaEmail", "EnviaEmail.csproj", "{C7940A3A-9420-4D71-B968-DBE543C04815}"
EndProject
Global
	GlobalSection(SolutionConfigurationPlatforms) = preSolution
		Debug|Any CPU = Debug|Any CPU
		Release|Any CPU = Release|Any CPU
	EndGlobalSection
	GlobalSection(ProjectConfigurationPlatforms) = postSolution
		{C7940A3A-9420-4D71-B968-DBE543C04815}.Debug|Any CPU.ActiveCfg = Debug|Any CPU
		{C7940A3A-9420-4D71-B968-DBE543C04815}.Debug|Any CPU.Build.0 = Debug|Any CPU
		{C7940A3A-9420-4D71-B968-DBE543C04815}.Release|Any CPU.ActiveCfg = Release|Any CPU
		{C7940A3A-9420-4D71-B968-DBE543C04815}.Release|Any CPU.Build.0 = Release|Any CPU
	EndGlobalSection
	GlobalSection(SolutionProperties) = preSolution
		HideSolutionNode = FALSE
	EndGlobalSection
	GlobalSection(ExtensibilityGlobals) = postSolution
		SolutionGuid = {571F5F91-4001-4927-A35B-8591D527DB89}
	EndGlobalSection
EndGlobal
