
Microsoft Visual Studio Solution File, Format Version 12.00
# Visual Studio Version 17
VisualStudioVersion = 17.5.002.0
MinimumVisualStudioVersion = 10.0.40219.1
Project("{9A19103F-16F7-4668-BE54-9A1E7A4F7556}") = "MinhaApi", "MinhaApi.csproj", "{770EF9E0-8C34-40F5-822D-C852A88B6D2C}"
EndProject
Global
	GlobalSection(SolutionConfigurationPlatforms) = preSolution
		Debug|Any CPU = Debug|Any CPU
		Release|Any CPU = Release|Any CPU
	EndGlobalSection
	GlobalSection(ProjectConfigurationPlatforms) = postSolution
		{770EF9E0-8C34-40F5-822D-C852A88B6D2C}.Debug|Any CPU.ActiveCfg = Debug|Any CPU
		{770EF9E0-8C34-40F5-822D-C852A88B6D2C}.Debug|Any CPU.Build.0 = Debug|Any CPU
		{770EF9E0-8C34-40F5-822D-C852A88B6D2C}.Release|Any CPU.ActiveCfg = Release|Any CPU
		{770EF9E0-8C34-40F5-822D-C852A88B6D2C}.Release|Any CPU.Build.0 = Release|Any CPU
	EndGlobalSection
	GlobalSection(SolutionProperties) = preSolution
		HideSolutionNode = FALSE
	EndGlobalSection
	GlobalSection(ExtensibilityGlobals) = postSolution
		SolutionGuid = {92499E1C-6E86-4D07-BD0B-93EACBFB56F7}
	EndGlobalSection
EndGlobal
