
Microsoft Visual Studio Solution File, Format Version 12.00
# Visual Studio Version 17
VisualStudioVersion = 17.5.002.0
MinimumVisualStudioVersion = 10.0.40219.1
Project("{9A19103F-16F7-4668-BE54-9A1E7A4F7556}") = "WebApiCustomJobs", "WebApiCustomJobs.csproj", "{F73F7126-D7BA-475D-BC2B-CF4B25F3456A}"
EndProject
Global
	GlobalSection(SolutionConfigurationPlatforms) = preSolution
		Debug|Any CPU = Debug|Any CPU
		Release|Any CPU = Release|Any CPU
	EndGlobalSection
	GlobalSection(ProjectConfigurationPlatforms) = postSolution
		{F73F7126-D7BA-475D-BC2B-CF4B25F3456A}.Debug|Any CPU.ActiveCfg = Debug|Any CPU
		{F73F7126-D7BA-475D-BC2B-CF4B25F3456A}.Debug|Any CPU.Build.0 = Debug|Any CPU
		{F73F7126-D7BA-475D-BC2B-CF4B25F3456A}.Release|Any CPU.ActiveCfg = Release|Any CPU
		{F73F7126-D7BA-475D-BC2B-CF4B25F3456A}.Release|Any CPU.Build.0 = Release|Any CPU
	EndGlobalSection
	GlobalSection(SolutionProperties) = preSolution
		HideSolutionNode = FALSE
	EndGlobalSection
	GlobalSection(ExtensibilityGlobals) = postSolution
		SolutionGuid = {4656F26B-E12B-4068-B90B-36C4F37AECCF}
	EndGlobalSection
EndGlobal
