
Microsoft Visual Studio Solution File, Format Version 12.00
# Visual Studio Version 17
VisualStudioVersion = 17.5.002.0
MinimumVisualStudioVersion = 10.0.40219.1
Project("{9A19103F-16F7-4668-BE54-9A1E7A4F7556}") = "Exemplo1", "Exemplo1.csproj", "{692012C1-0C0C-45AE-AE3D-2B108F7D693E}"
EndProject
Global
	GlobalSection(SolutionConfigurationPlatforms) = preSolution
		Debug|Any CPU = Debug|Any CPU
		Release|Any CPU = Release|Any CPU
	EndGlobalSection
	GlobalSection(ProjectConfigurationPlatforms) = postSolution
		{692012C1-0C0C-45AE-AE3D-2B108F7D693E}.Debug|Any CPU.ActiveCfg = Debug|Any CPU
		{692012C1-0C0C-45AE-AE3D-2B108F7D693E}.Debug|Any CPU.Build.0 = Debug|Any CPU
		{692012C1-0C0C-45AE-AE3D-2B108F7D693E}.Release|Any CPU.ActiveCfg = Release|Any CPU
		{692012C1-0C0C-45AE-AE3D-2B108F7D693E}.Release|Any CPU.Build.0 = Release|Any CPU
	EndGlobalSection
	GlobalSection(SolutionProperties) = preSolution
		HideSolutionNode = FALSE
	EndGlobalSection
	GlobalSection(ExtensibilityGlobals) = postSolution
		SolutionGuid = {2E0E2D2B-CC5B-4EBA-AD94-BFBC53EA4FF7}
	EndGlobalSection
EndGlobal
